
Microsoft Visual Studio Solution File, Format Version 12.00
# Visual Studio Version 16
VisualStudioVersion = 16.0.31205.134
MinimumVisualStudioVersion = 10.0.40219.1
Project("{FAE04EC0-301F-11D3-BF4B-00C04F79EFBC}") = "CS_Study", "CS_Study\CS_Study.csproj", "{6351C1B2-8743-42BE-A77E-EB6EF2C13718}"
EndProject
Global
	GlobalSection(SolutionConfigurationPlatforms) = preSolution
		Debug|Any CPU = Debug|Any CPU
		Release|Any CPU = Release|Any CPU
	EndGlobalSection
	GlobalSection(ProjectConfigurationPlatforms) = postSolution
		{6351C1B2-8743-42BE-A77E-EB6EF2C13718}.Debug|Any CPU.ActiveCfg = Debug|Any CPU
		{6351C1B2-8743-42BE-A77E-EB6EF2C13718}.Debug|Any CPU.Build.0 = Debug|Any CPU
		{6351C1B2-8743-42BE-A77E-EB6EF2C13718}.Release|Any CPU.ActiveCfg = Release|Any CPU
		{6351C1B2-8743-42BE-A77E-EB6EF2C13718}.Release|Any CPU.Build.0 = Release|Any CPU
	EndGlobalSection
	GlobalSection(SolutionProperties) = preSolution
		HideSolutionNode = FALSE
	EndGlobalSection
	GlobalSection(ExtensibilityGlobals) = postSolution
		SolutionGuid = {8D6D9CF2-0073-41FE-AD8C-4148DF526625}
	EndGlobalSection
EndGlobal
